
Microsoft Visual Studio Solution File, Format Version 12.00
# Visual Studio Version 17
VisualStudioVersion = 17.8.34601.278
MinimumVisualStudioVersion = 10.0.40219.1
Project("{FAE04EC0-301F-11D3-BF4B-00C04F79EFBC}") = "Park2024", "Park2024\Park2024.csproj", "{24AD6968-B627-4D2B-9188-1FA0919BB503}"
EndProject
Global
	GlobalSection(SolutionConfigurationPlatforms) = preSolution
		Debug|Any CPU = Debug|Any CPU
		Release|Any CPU = Release|Any CPU
	EndGlobalSection
	GlobalSection(ProjectConfigurationPlatforms) = postSolution
		{24AD6968-B627-4D2B-9188-1FA0919BB503}.Debug|Any CPU.ActiveCfg = Debug|Any CPU
		{24AD6968-B627-4D2B-9188-1FA0919BB503}.Debug|Any CPU.Build.0 = Debug|Any CPU
		{24AD6968-B627-4D2B-9188-1FA0919BB503}.Release|Any CPU.ActiveCfg = Release|Any CPU
		{24AD6968-B627-4D2B-9188-1FA0919BB503}.Release|Any CPU.Build.0 = Release|Any CPU
	EndGlobalSection
	GlobalSection(SolutionProperties) = preSolution
		HideSolutionNode = FALSE
	EndGlobalSection
	GlobalSection(ExtensibilityGlobals) = postSolution
		SolutionGuid = {63E9BC65-F4C2-4E40-8D40-1505E5C344A7}
	EndGlobalSection
EndGlobal
